
Microsoft Visual Studio Solution File, Format Version 12.00
# Visual Studio 15
VisualStudioVersion = 15.0.33026.149
MinimumVisualStudioVersion = 10.0.40219.1
Project("{FAE04EC0-301F-11D3-BF4B-00C04F79EFBC}") = "WebAPI", "WebAPI\WebAPI.csproj", "{C8085785-74B8-40D8-A627-DDD8A29A05B1}"
EndProject
Global
	GlobalSection(SolutionConfigurationPlatforms) = preSolution
		Debug|Any CPU = Debug|Any CPU
		Release|Any CPU = Release|Any CPU
	EndGlobalSection
	GlobalSection(ProjectConfigurationPlatforms) = postSolution
		{C8085785-74B8-40D8-A627-DDD8A29A05B1}.Debug|Any CPU.ActiveCfg = Debug|Any CPU
		{C8085785-74B8-40D8-A627-DDD8A29A05B1}.Debug|Any CPU.Build.0 = Debug|Any CPU
		{C8085785-74B8-40D8-A627-DDD8A29A05B1}.Release|Any CPU.ActiveCfg = Release|Any CPU
		{C8085785-74B8-40D8-A627-DDD8A29A05B1}.Release|Any CPU.Build.0 = Release|Any CPU
	EndGlobalSection
	GlobalSection(SolutionProperties) = preSolution
		HideSolutionNode = FALSE
	EndGlobalSection
	GlobalSection(ExtensibilityGlobals) = postSolution
		SolutionGuid = {7923077E-A562-4BE5-BC3D-684E2CBE8EA8}
	EndGlobalSection
EndGlobal
